PODS:
  - Alamofire (4.9.1)
  - AlamofireImage (3.6.0):
    - Alamofire (~> 4.9)
  - AlamofireObjectMapper (5.2.1):
    - Alamofire (~> 4.7)
    - ObjectMapper (~> 3.4)
  - ObjectMapper (3.5.2)
  - PKHUD (5.3.0)
  - SDWebImage (5.4.0):
    - SDWebImage/Core (= 5.4.0)
  - SDWebImage/Core (5.4.0)

DEPENDENCIES:
  - Alamofire
  - AlamofireImage
  - AlamofireObjectMapper
  - PKHUD
  - SDWebImage

SPEC REPOS:
  trunk:
    - Alamofire
    - AlamofireImage
    - AlamofireObjectMapper
    - ObjectMapper
    - PKHUD
    - SDWebImage

SPEC CHECKSUMS:
  Alamofire: 85e8a02c69d6020a0d734f6054870d7ecb75cf18
  AlamofireImage: be9963c6582d68b39e89191f64c82a7d7bf40fdd
  AlamofireObjectMapper: 1989f690e982b71921b9253f53a4f33a9bc00d88
  ObjectMapper: b53ae947d370bf89423e86be7d4e2d2b2a8d3f40
  PKHUD: 98f3e4bc904b9c916f1c5bb6d765365b5357291b
  SDWebImage: 5bf6aec6481ae2a062bdc59f9d6c1d1e552090e0

PODFILE CHECKSUM: 197fa8089e5aae9cae5e23ca42bb00e2917d4037

COCOAPODS: 1.8.4
